
Microsoft Visual Studio Solution File, Format Version 12.00
# Visual Studio Version 17
VisualStudioVersion = 17.13.35931.197
MinimumVisualStudioVersion = 10.0.40219.1
Project("{FAE04EC0-301F-11D3-BF4B-00C04F79EFBC}") = "SSF.Interop.SIIFNacion.API", "SSF.Interop.SIIFNacion.API\SSF.Interop.SIIFNacion.API.csproj", "{56D13422-51F9-4AB1-B904-658950A0C2B1}"
EndProject
Project("{2150E333-8FDC-42A3-9474-1A3956D46DE8}") = "src", "src", "{02EA681E-C7D8-13C7-8484-4AC65E1B71E8}"
EndProject
Project("{2150E333-8FDC-42A3-9474-1A3956D46DE8}") = "API", "API", "{35AE86FD-CF32-4EC6-8EE8-FB7FDDF135CC}"
EndProject
Project("{2150E333-8FDC-42A3-9474-1A3956D46DE8}") = "Core", "Core", "{367B5D82-617D-49B8-80E5-7FEE911B2D98}"
EndProject
Project("{2150E333-8FDC-42A3-9474-1A3956D46DE8}") = "Infrastructure", "Infrastructure", "{0455E724-9631-4B7C-826A-32478C4D17CB}"
EndProject
Project("{2150E333-8FDC-42A3-9474-1A3956D46DE8}") = "Test", "Test", "{423EF0FD-215E-4A84-A05B-A1F110768652}"
EndProject
Project("{2150E333-8FDC-42A3-9474-1A3956D46DE8}") = "Worker", "Worker", "{A3C7E901-4F2B-4D8E-B5A1-9C0D7E8F1A2B}"
EndProject
Project("{2150E333-8FDC-42A3-9474-1A3956D46DE8}") = "Installer", "Installer", "{C4D5E6F7-A8B9-0123-CDEF-456789ABCDEF}"
EndProject
Project("{FAE04EC0-301F-11D3-BF4B-00C04F79EFBC}") = "SSF.Interop.SIIFNacion.Application", "SSF.Interop.SIIFNacion.Application\SSF.Interop.SIIFNacion.Application.csproj", "{EDEE8FC8-486A-4F79-9733-6AB282159900}"
EndProject
Project("{FAE04EC0-301F-11D3-BF4B-00C04F79EFBC}") = "SSF.Interop.SIIFNacion.Domain", "SSF.Interop.SIIFNacion.Domain\SSF.Interop.SIIFNacion.Domain.csproj", "{A8ADD691-D769-48ED-ABA6-EAE414C40476}"
EndProject
Project("{FAE04EC0-301F-11D3-BF4B-00C04F79EFBC}") = "SSF.Interop.SIIFNacion.Infrastructure", "SSF.Interop.SIIFNacion.Infrastructure\SSF.Interop.SIIFNacion.Infrastructure.csproj", "{39ADD833-1CD8-4E0E-9EFC-E685E0069B29}"
EndProject
Project("{FAE04EC0-301F-11D3-BF4B-00C04F79EFBC}") = "SSF.Interop.SIIFNacion.Persistence", "SSF.Interop.SIIFNacion.Persistence\SSF.Interop.SIIFNacion.Persistence.csproj", "{DE921C96-1F04-4859-AAF4-816FFF4C95D1}"
EndProject
Project("{FAE04EC0-301F-11D3-BF4B-00C04F79EFBC}") = "SSF.Interop.SIIFNacion.Application.Tests", "SSF.Interop.SIIFNacion.Application.Tests\SSF.Interop.SIIFNacion.Application.Tests.csproj", "{8AB32C28-43CC-4375-9889-D0068C615351}"
EndProject
Project("{FAE04EC0-301F-11D3-BF4B-00C04F79EFBC}") = "SSF.Interop.SIIFNacion.Worker", "SSF.Interop.SIIFNacion.Worker\SSF.Interop.SIIFNacion.Worker.csproj", "{6E4C8A19-2B5F-4D71-9C0A-1E8F4B2D6C30}"
EndProject
Project("{FAE04EC0-301F-11D3-BF4B-00C04F79EFBC}") = "SSF.Interop.SIIFNacion.Installer", "SSF.Interop.SIIFNacion.Installer\SSF.Interop.SIIFNacion.Installer.csproj", "{AACE87EE-944B-48CE-B9E6-FD3EC10F4C6F}"
EndProject
Global
	GlobalSection(SolutionConfigurationPlatforms) = preSolution
		Debug|Any CPU = Debug|Any CPU
		Debug|x64 = Debug|x64
		Debug|x86 = Debug|x86
		Release|Any CPU = Release|Any CPU
		Release|x64 = Release|x64
		Release|x86 = Release|x86
	EndGlobalSection
	GlobalSection(ProjectConfigurationPlatforms) = postSolution
		{56D13422-51F9-4AB1-B904-658950A0C2B1}.Debug|Any CPU.ActiveCfg = Debug|Any CPU
		{56D13422-51F9-4AB1-B904-658950A0C2B1}.Debug|Any CPU.Build.0 = Debug|Any CPU
		{56D13422-51F9-4AB1-B904-658950A0C2B1}.Debug|x64.ActiveCfg = Debug|Any CPU
		{56D13422-51F9-4AB1-B904-658950A0C2B1}.Debug|x64.Build.0 = Debug|Any CPU
		{56D13422-51F9-4AB1-B904-658950A0C2B1}.Debug|x86.ActiveCfg = Debug|Any CPU
		{56D13422-51F9-4AB1-B904-658950A0C2B1}.Debug|x86.Build.0 = Debug|Any CPU
		{56D13422-51F9-4AB1-B904-658950A0C2B1}.Release|Any CPU.ActiveCfg = Release|Any CPU
		{56D13422-51F9-4AB1-B904-658950A0C2B1}.Release|Any CPU.Build.0 = Release|Any CPU
		{56D13422-51F9-4AB1-B904-658950A0C2B1}.Release|x64.ActiveCfg = Release|Any CPU
		{56D13422-51F9-4AB1-B904-658950A0C2B1}.Release|x64.Build.0 = Release|Any CPU
		{56D13422-51F9-4AB1-B904-658950A0C2B1}.Release|x86.ActiveCfg = Release|Any CPU
		{56D13422-51F9-4AB1-B904-658950A0C2B1}.Release|x86.Build.0 = Release|Any CPU
		{EDEE8FC8-486A-4F79-9733-6AB282159900}.Debug|Any CPU.ActiveCfg = Debug|Any CPU
		{EDEE8FC8-486A-4F79-9733-6AB282159900}.Debug|Any CPU.Build.0 = Debug|Any CPU
		{EDEE8FC8-486A-4F79-9733-6AB282159900}.Debug|x64.ActiveCfg = Debug|Any CPU
		{EDEE8FC8-486A-4F79-9733-6AB282159900}.Debug|x64.Build.0 = Debug|Any CPU
		{EDEE8FC8-486A-4F79-9733-6AB282159900}.Debug|x86.ActiveCfg = Debug|Any CPU
		{EDEE8FC8-486A-4F79-9733-6AB282159900}.Debug|x86.Build.0 = Debug|Any CPU
		{EDEE8FC8-486A-4F79-9733-6AB282159900}.Release|Any CPU.ActiveCfg = Release|Any CPU
		{EDEE8FC8-486A-4F79-9733-6AB282159900}.Release|Any CPU.Build.0 = Release|Any CPU
		{EDEE8FC8-486A-4F79-9733-6AB282159900}.Release|x64.ActiveCfg = Release|Any CPU
		{EDEE8FC8-486A-4F79-9733-6AB282159900}.Release|x64.Build.0 = Release|Any CPU
		{EDEE8FC8-486A-4F79-9733-6AB282159900}.Release|x86.ActiveCfg = Release|Any CPU
		{EDEE8FC8-486A-4F79-9733-6AB282159900}.Release|x86.Build.0 = Release|Any CPU
		{A8ADD691-D769-48ED-ABA6-EAE414C40476}.Debug|Any CPU.ActiveCfg = Debug|Any CPU
		{A8ADD691-D769-48ED-ABA6-EAE414C40476}.Debug|Any CPU.Build.0 = Debug|Any CPU
		{A8ADD691-D769-48ED-ABA6-EAE414C40476}.Debug|x64.ActiveCfg = Debug|Any CPU
		{A8ADD691-D769-48ED-ABA6-EAE414C40476}.Debug|x64.Build.0 = Debug|Any CPU
		{A8ADD691-D769-48ED-ABA6-EAE414C40476}.Debug|x86.ActiveCfg = Debug|Any CPU
		{A8ADD691-D769-48ED-ABA6-EAE414C40476}.Debug|x86.Build.0 = Debug|Any CPU
		{A8ADD691-D769-48ED-ABA6-EAE414C40476}.Release|Any CPU.ActiveCfg = Release|Any CPU
		{A8ADD691-D769-48ED-ABA6-EAE414C40476}.Release|Any CPU.Build.0 = Release|Any CPU
		{A8ADD691-D769-48ED-ABA6-EAE414C40476}.Release|x64.ActiveCfg = Release|Any CPU
		{A8ADD691-D769-48ED-ABA6-EAE414C40476}.Release|x64.Build.0 = Release|Any CPU
		{A8ADD691-D769-48ED-ABA6-EAE414C40476}.Release|x86.ActiveCfg = Release|Any CPU
		{A8ADD691-D769-48ED-ABA6-EAE414C40476}.Release|x86.Build.0 = Release|Any CPU
		{39ADD833-1CD8-4E0E-9EFC-E685E0069B29}.Debug|Any CPU.ActiveCfg = Debug|Any CPU
		{39ADD833-1CD8-4E0E-9EFC-E685E0069B29}.Debug|Any CPU.Build.0 = Debug|Any CPU
		{39ADD833-1CD8-4E0E-9EFC-E685E0069B29}.Debug|x64.ActiveCfg = Debug|Any CPU
		{39ADD833-1CD8-4E0E-9EFC-E685E0069B29}.Debug|x64.Build.0 = Debug|Any CPU
		{39ADD833-1CD8-4E0E-9EFC-E685E0069B29}.Debug|x86.ActiveCfg = Debug|Any CPU
		{39ADD833-1CD8-4E0E-9EFC-E685E0069B29}.Debug|x86.Build.0 = Debug|Any CPU
		{39ADD833-1CD8-4E0E-9EFC-E685E0069B29}.Release|Any CPU.ActiveCfg = Release|Any CPU
		{39ADD833-1CD8-4E0E-9EFC-E685E0069B29}.Release|Any CPU.Build.0 = Release|Any CPU
		{39ADD833-1CD8-4E0E-9EFC-E685E0069B29}.Release|x64.ActiveCfg = Release|Any CPU
		{39ADD833-1CD8-4E0E-9EFC-E685E0069B29}.Release|x64.Build.0 = Release|Any CPU
		{39ADD833-1CD8-4E0E-9EFC-E685E0069B29}.Release|x86.ActiveCfg = Release|Any CPU
		{39ADD833-1CD8-4E0E-9EFC-E685E0069B29}.Release|x86.Build.0 = Release|Any CPU
		{DE921C96-1F04-4859-AAF4-816FFF4C95D1}.Debug|Any CPU.ActiveCfg = Debug|Any CPU
		{DE921C96-1F04-4859-AAF4-816FFF4C95D1}.Debug|Any CPU.Build.0 = Debug|Any CPU
		{DE921C96-1F04-4859-AAF4-816FFF4C95D1}.Debug|x64.ActiveCfg = Debug|Any CPU
		{DE921C96-1F04-4859-AAF4-816FFF4C95D1}.Debug|x64.Build.0 = Debug|Any CPU
		{DE921C96-1F04-4859-AAF4-816FFF4C95D1}.Debug|x86.ActiveCfg = Debug|Any CPU
		{DE921C96-1F04-4859-AAF4-816FFF4C95D1}.Debug|x86.Build.0 = Debug|Any CPU
		{DE921C96-1F04-4859-AAF4-816FFF4C95D1}.Release|Any CPU.ActiveCfg = Release|Any CPU
		{DE921C96-1F04-4859-AAF4-816FFF4C95D1}.Release|Any CPU.Build.0 = Release|Any CPU
		{DE921C96-1F04-4859-AAF4-816FFF4C95D1}.Release|x64.ActiveCfg = Release|Any CPU
		{DE921C96-1F04-4859-AAF4-816FFF4C95D1}.Release|x64.Build.0 = Release|Any CPU
		{DE921C96-1F04-4859-AAF4-816FFF4C95D1}.Release|x86.ActiveCfg = Release|Any CPU
		{DE921C96-1F04-4859-AAF4-816FFF4C95D1}.Release|x86.Build.0 = Release|Any CPU
		{8AB32C28-43CC-4375-9889-D0068C615351}.Debug|Any CPU.ActiveCfg = Debug|Any CPU
		{8AB32C28-43CC-4375-9889-D0068C615351}.Debug|Any CPU.Build.0 = Debug|Any CPU
		{8AB32C28-43CC-4375-9889-D0068C615351}.Debug|x64.ActiveCfg = Debug|Any CPU
		{8AB32C28-43CC-4375-9889-D0068C615351}.Debug|x64.Build.0 = Debug|Any CPU
		{8AB32C28-43CC-4375-9889-D0068C615351}.Debug|x86.ActiveCfg = Debug|Any CPU
		{8AB32C28-43CC-4375-9889-D0068C615351}.Debug|x86.Build.0 = Debug|Any CPU
		{8AB32C28-43CC-4375-9889-D0068C615351}.Release|Any CPU.ActiveCfg = Release|Any CPU
		{8AB32C28-43CC-4375-9889-D0068C615351}.Release|Any CPU.Build.0 = Release|Any CPU
		{8AB32C28-43CC-4375-9889-D0068C615351}.Release|x64.ActiveCfg = Release|Any CPU
		{8AB32C28-43CC-4375-9889-D0068C615351}.Release|x64.Build.0 = Release|Any CPU
		{8AB32C28-43CC-4375-9889-D0068C615351}.Release|x86.ActiveCfg = Release|Any CPU
		{8AB32C28-43CC-4375-9889-D0068C615351}.Release|x86.Build.0 = Release|Any CPU
		{6E4C8A19-2B5F-4D71-9C0A-1E8F4B2D6C30}.Debug|Any CPU.ActiveCfg = Debug|Any CPU
		{6E4C8A19-2B5F-4D71-9C0A-1E8F4B2D6C30}.Debug|Any CPU.Build.0 = Debug|Any CPU
		{6E4C8A19-2B5F-4D71-9C0A-1E8F4B2D6C30}.Debug|x64.ActiveCfg = Debug|Any CPU
		{6E4C8A19-2B5F-4D71-9C0A-1E8F4B2D6C30}.Debug|x64.Build.0 = Debug|Any CPU
		{6E4C8A19-2B5F-4D71-9C0A-1E8F4B2D6C30}.Debug|x86.ActiveCfg = Debug|Any CPU
		{6E4C8A19-2B5F-4D71-9C0A-1E8F4B2D6C30}.Debug|x86.Build.0 = Debug|Any CPU
		{6E4C8A19-2B5F-4D71-9C0A-1E8F4B2D6C30}.Release|Any CPU.ActiveCfg = Release|Any CPU
		{6E4C8A19-2B5F-4D71-9C0A-1E8F4B2D6C30}.Release|Any CPU.Build.0 = Release|Any CPU
		{6E4C8A19-2B5F-4D71-9C0A-1E8F4B2D6C30}.Release|x64.ActiveCfg = Release|Any CPU
		{6E4C8A19-2B5F-4D71-9C0A-1E8F4B2D6C30}.Release|x64.Build.0 = Release|Any CPU
		{6E4C8A19-2B5F-4D71-9C0A-1E8F4B2D6C30}.Release|x86.ActiveCfg = Release|Any CPU
		{6E4C8A19-2B5F-4D71-9C0A-1E8F4B2D6C30}.Release|x86.Build.0 = Release|Any CPU
		{AACE87EE-944B-48CE-B9E6-FD3EC10F4C6F}.Debug|Any CPU.ActiveCfg = Debug|Any CPU
		{AACE87EE-944B-48CE-B9E6-FD3EC10F4C6F}.Debug|Any CPU.Build.0 = Debug|Any CPU
		{AACE87EE-944B-48CE-B9E6-FD3EC10F4C6F}.Debug|x64.ActiveCfg = Debug|Any CPU
		{AACE87EE-944B-48CE-B9E6-FD3EC10F4C6F}.Debug|x64.Build.0 = Debug|Any CPU
		{AACE87EE-944B-48CE-B9E6-FD3EC10F4C6F}.Debug|x86.ActiveCfg = Debug|Any CPU
		{AACE87EE-944B-48CE-B9E6-FD3EC10F4C6F}.Debug|x86.Build.0 = Debug|Any CPU
		{AACE87EE-944B-48CE-B9E6-FD3EC10F4C6F}.Release|Any CPU.ActiveCfg = Release|Any CPU
		{AACE87EE-944B-48CE-B9E6-FD3EC10F4C6F}.Release|Any CPU.Build.0 = Release|Any CPU
		{AACE87EE-944B-48CE-B9E6-FD3EC10F4C6F}.Release|x64.ActiveCfg = Release|Any CPU
		{AACE87EE-944B-48CE-B9E6-FD3EC10F4C6F}.Release|x64.Build.0 = Release|Any CPU
		{AACE87EE-944B-48CE-B9E6-FD3EC10F4C6F}.Release|x86.ActiveCfg = Release|Any CPU
		{AACE87EE-944B-48CE-B9E6-FD3EC10F4C6F}.Release|x86.Build.0 = Release|Any CPU
	EndGlobalSection
	GlobalSection(SolutionProperties) = preSolution
		HideSolutionNode = FALSE
	EndGlobalSection
	GlobalSection(NestedProjects) = preSolution
		{56D13422-51F9-4AB1-B904-658950A0C2B1} = {35AE86FD-CF32-4EC6-8EE8-FB7FDDF135CC}
		{35AE86FD-CF32-4EC6-8EE8-FB7FDDF135CC} = {02EA681E-C7D8-13C7-8484-4AC65E1B71E8}
		{367B5D82-617D-49B8-80E5-7FEE911B2D98} = {02EA681E-C7D8-13C7-8484-4AC65E1B71E8}
		{0455E724-9631-4B7C-826A-32478C4D17CB} = {02EA681E-C7D8-13C7-8484-4AC65E1B71E8}
		{A3C7E901-4F2B-4D8E-B5A1-9C0D7E8F1A2B} = {02EA681E-C7D8-13C7-8484-4AC65E1B71E8}
		{EDEE8FC8-486A-4F79-9733-6AB282159900} = {367B5D82-617D-49B8-80E5-7FEE911B2D98}
		{A8ADD691-D769-48ED-ABA6-EAE414C40476} = {367B5D82-617D-49B8-80E5-7FEE911B2D98}
		{39ADD833-1CD8-4E0E-9EFC-E685E0069B29} = {0455E724-9631-4B7C-826A-32478C4D17CB}
		{DE921C96-1F04-4859-AAF4-816FFF4C95D1} = {0455E724-9631-4B7C-826A-32478C4D17CB}
		{8AB32C28-43CC-4375-9889-D0068C615351} = {423EF0FD-215E-4A84-A05B-A1F110768652}
		{6E4C8A19-2B5F-4D71-9C0A-1E8F4B2D6C30} = {A3C7E901-4F2B-4D8E-B5A1-9C0D7E8F1A2B}
		{AACE87EE-944B-48CE-B9E6-FD3EC10F4C6F} = {C4D5E6F7-A8B9-0123-CDEF-456789ABCDEF}
		{C4D5E6F7-A8B9-0123-CDEF-456789ABCDEF} = {02EA681E-C7D8-13C7-8484-4AC65E1B71E8}
	EndGlobalSection
	GlobalSection(ExtensibilityGlobals) = postSolution
		SolutionGuid = {25B6F188-7EC1-481E-BB40-37657223FB69}
	EndGlobalSection
EndGlobal
